
Microsoft Visual Studio Solution File, Format Version 12.00
# Visual Studio Version 17
VisualStudioVersion = 17.5.002.0
MinimumVisualStudioVersion = 10.0.40219.1
Project("{9A19103F-16F7-4668-BE54-9A1E7A4F7556}") = "Restaurant-Reservation-System", "Restaurant-Reservation-System.csproj", "{869244E0-1FCA-40D5-953F-6D3F39FE9516}"
EndProject
Global
	GlobalSection(SolutionConfigurationPlatforms) = preSolution
		Debug|Any CPU = Debug|Any CPU
		Release|Any CPU = Release|Any CPU
	EndGlobalSection
	GlobalSection(ProjectConfigurationPlatforms) = postSolution
		{869244E0-1FCA-40D5-953F-6D3F39FE9516}.Debug|Any CPU.ActiveCfg = Debug|Any CPU
		{869244E0-1FCA-40D5-953F-6D3F39FE9516}.Debug|Any CPU.Build.0 = Debug|Any CPU
		{869244E0-1FCA-40D5-953F-6D3F39FE9516}.Release|Any CPU.ActiveCfg = Release|Any CPU
		{869244E0-1FCA-40D5-953F-6D3F39FE9516}.Release|Any CPU.Build.0 = Release|Any CPU
	EndGlobalSection
	GlobalSection(SolutionProperties) = preSolution
		HideSolutionNode = FALSE
	EndGlobalSection
	GlobalSection(ExtensibilityGlobals) = postSolution
		SolutionGuid = {2A03A1F2-F481-464C-9D2D-54F64C0E5CC9}
	EndGlobalSection
EndGlobal
