
Microsoft Visual Studio Solution File, Format Version 12.00
# Visual Studio Version 17
VisualStudioVersion = 17.5.002.0
MinimumVisualStudioVersion = 10.0.40219.1
Project("{9A19103F-16F7-4668-BE54-9A1E7A4F7556}") = "Restaurant-Reservation-System", "Restaurant-Reservation-System.csproj", "{DA120C48-21F8-4222-871D-A9EDDE489063}"
EndProject
Global
	GlobalSection(SolutionConfigurationPlatforms) = preSolution
		Debug|Any CPU = Debug|Any CPU
		Release|Any CPU = Release|Any CPU
	EndGlobalSection
	GlobalSection(ProjectConfigurationPlatforms) = postSolution
		{DA120C48-21F8-4222-871D-A9EDDE489063}.Debug|Any CPU.ActiveCfg = Debug|Any CPU
		{DA120C48-21F8-4222-871D-A9EDDE489063}.Debug|Any CPU.Build.0 = Debug|Any CPU
		{DA120C48-21F8-4222-871D-A9EDDE489063}.Release|Any CPU.ActiveCfg = Release|Any CPU
		{DA120C48-21F8-4222-871D-A9EDDE489063}.Release|Any CPU.Build.0 = Release|Any CPU
	EndGlobalSection
	GlobalSection(SolutionProperties) = preSolution
		HideSolutionNode = FALSE
	EndGlobalSection
	GlobalSection(ExtensibilityGlobals) = postSolution
		SolutionGuid = {635EE5C4-ACA7-4BF7-AF68-1666BFADFA3A}
	EndGlobalSection
EndGlobal
